
Microsoft Visual Studio Solution File, Format Version 12.00
# Visual Studio 15
VisualStudioVersion = 15.0.28307.168
MinimumVisualStudioVersion = 10.0.40219.1
Project("{9A19103F-16F7-4668-BE54-9A1E7A4F7556}") = "The.Machine.UnitTest", "The.Machine.UnitTest\The.Machine.UnitTest.csproj", "{212AD027-B29A-421D-829B-3397F74A0C54}"
EndProject
Project("{9A19103F-16F7-4668-BE54-9A1E7A4F7556}") = "The.Machine", "The.Machine\The.Machine.csproj", "{12E125C8-C2D9-4B50-9A6C-B60A466EEAD7}"
EndProject
Global
	GlobalSection(SolutionConfigurationPlatforms) = preSolution
		Debug|Any CPU = Debug|Any CPU
		Release|Any CPU = Release|Any CPU
	EndGlobalSection
	GlobalSection(ProjectConfigurationPlatforms) = postSolution
		{212AD027-B29A-421D-829B-3397F74A0C54}.Debug|Any CPU.ActiveCfg = Debug|Any CPU
		{212AD027-B29A-421D-829B-3397F74A0C54}.Debug|Any CPU.Build.0 = Debug|Any CPU
		{212AD027-B29A-421D-829B-3397F74A0C54}.Release|Any CPU.ActiveCfg = Release|Any CPU
		{212AD027-B29A-421D-829B-3397F74A0C54}.Release|Any CPU.Build.0 = Release|Any CPU
		{12E125C8-C2D9-4B50-9A6C-B60A466EEAD7}.Debug|Any CPU.ActiveCfg = Debug|Any CPU
		{12E125C8-C2D9-4B50-9A6C-B60A466EEAD7}.Debug|Any CPU.Build.0 = Debug|Any CPU
		{12E125C8-C2D9-4B50-9A6C-B60A466EEAD7}.Release|Any CPU.ActiveCfg = Release|Any CPU
		{12E125C8-C2D9-4B50-9A6C-B60A466EEAD7}.Release|Any CPU.Build.0 = Release|Any CPU
	EndGlobalSection
	GlobalSection(SolutionProperties) = preSolution
		HideSolutionNode = FALSE
	EndGlobalSection
	GlobalSection(ExtensibilityGlobals) = postSolution
		SolutionGuid = {E17A9EEA-75B8-41A2-9205-C61011C81628}
	EndGlobalSection
EndGlobal
